
Microsoft Visual Studio Solution File, Format Version 12.00
# Visual Studio Version 16
VisualStudioVersion = 16.0.30309.148
MinimumVisualStudioVersion = 10.0.40219.1
Project("{9A19103F-16F7-4668-BE54-9A1E7A4F7556}") = "KniveGallery.Web", "KnifeGallery\KniveGallery.Web.csproj", "{3618E230-DF8B-40EF-A1B5-23522D5BEDAC}"
EndProject
Project("{9A19103F-16F7-4668-BE54-9A1E7A4F7556}") = "KniveGallery.Data", "KnifeGallery.Data\KniveGallery.Data.csproj", "{8ECDDA27-7F0A-4C5F-B223-978F9746DB08}"
EndProject
Project("{9A19103F-16F7-4668-BE54-9A1E7A4F7556}") = "KniveGallery.Data.Models", "KnifeGallery.Data.Models\KniveGallery.Data.Models.csproj", "{5BB55E3C-579B-4C45-9672-9B825D0BD3BA}"
EndProject
Global
	GlobalSection(SolutionConfigurationPlatforms) = preSolution
		Debug|Any CPU = Debug|Any CPU
		Release|Any CPU = Release|Any CPU
	EndGlobalSection
	GlobalSection(ProjectConfigurationPlatforms) = postSolution
		{3618E230-DF8B-40EF-A1B5-23522D5BEDAC}.Debug|Any CPU.ActiveCfg = Debug|Any CPU
		{3618E230-DF8B-40EF-A1B5-23522D5BEDAC}.Debug|Any CPU.Build.0 = Debug|Any CPU
		{3618E230-DF8B-40EF-A1B5-23522D5BEDAC}.Release|Any CPU.ActiveCfg = Release|Any CPU
		{3618E230-DF8B-40EF-A1B5-23522D5BEDAC}.Release|Any CPU.Build.0 = Release|Any CPU
		{8ECDDA27-7F0A-4C5F-B223-978F9746DB08}.Debug|Any CPU.ActiveCfg = Debug|Any CPU
		{8ECDDA27-7F0A-4C5F-B223-978F9746DB08}.Debug|Any CPU.Build.0 = Debug|Any CPU
		{8ECDDA27-7F0A-4C5F-B223-978F9746DB08}.Release|Any CPU.ActiveCfg = Release|Any CPU
		{8ECDDA27-7F0A-4C5F-B223-978F9746DB08}.Release|Any CPU.Build.0 = Release|Any CPU
		{5BB55E3C-579B-4C45-9672-9B825D0BD3BA}.Debug|Any CPU.ActiveCfg = Debug|Any CPU
		{5BB55E3C-579B-4C45-9672-9B825D0BD3BA}.Debug|Any CPU.Build.0 = Debug|Any CPU
		{5BB55E3C-579B-4C45-9672-9B825D0BD3BA}.Release|Any CPU.ActiveCfg = Release|Any CPU
		{5BB55E3C-579B-4C45-9672-9B825D0BD3BA}.Release|Any CPU.Build.0 = Release|Any CPU
	EndGlobalSection
	GlobalSection(SolutionProperties) = preSolution
		HideSolutionNode = FALSE
	EndGlobalSection
	GlobalSection(ExtensibilityGlobals) = postSolution
		SolutionGuid = {E61516B2-651C-4C8F-8100-200A228070E2}
	EndGlobalSection
EndGlobal
