
Microsoft Visual Studio Solution File, Format Version 12.00
# Visual Studio Version 16
VisualStudioVersion = 16.0.30309.148
MinimumVisualStudioVersion = 10.0.40219.1
Project("{9A19103F-16F7-4668-BE54-9A1E7A4F7556}") = "KniveGallery.Web", "KniveGallery.Web\KniveGallery.Web.csproj", "{20B3CE67-4154-4C28-86F0-8A2DF4697F1C}"
EndProject
Global
	GlobalSection(SolutionConfigurationPlatforms) = preSolution
		Debug|Any CPU = Debug|Any CPU
		Release|Any CPU = Release|Any CPU
	EndGlobalSection
	GlobalSection(ProjectConfigurationPlatforms) = postSolution
		{20B3CE67-4154-4C28-86F0-8A2DF4697F1C}.Debug|Any CPU.ActiveCfg = Debug|Any CPU
		{20B3CE67-4154-4C28-86F0-8A2DF4697F1C}.Debug|Any CPU.Build.0 = Debug|Any CPU
		{20B3CE67-4154-4C28-86F0-8A2DF4697F1C}.Release|Any CPU.ActiveCfg = Release|Any CPU
		{20B3CE67-4154-4C28-86F0-8A2DF4697F1C}.Release|Any CPU.Build.0 = Release|Any CPU
	EndGlobalSection
	GlobalSection(SolutionProperties) = preSolution
		HideSolutionNode = FALSE
	EndGlobalSection
	GlobalSection(ExtensibilityGlobals) = postSolution
		SolutionGuid = {2835B6BA-8326-4B1C-9C50-8E3A86CA46A6}
	EndGlobalSection
EndGlobal
