
Microsoft Visual Studio Solution File, Format Version 12.00
# Visual Studio Version 16
VisualStudioVersion = 16.0.29613.14
MinimumVisualStudioVersion = 10.0.40219.1
Project("{9A19103F-16F7-4668-BE54-9A1E7A4F7556}") = "DigitalCoolBook.App", "DigitalCoolBook.App\DigitalCoolBook.App.csproj", "{A6E65647-005D-4E5A-A0AB-B72B5EAE5122}"
EndProject
Project("{9A19103F-16F7-4668-BE54-9A1E7A4F7556}") = "DigitalCoolBook.Models", "DigitalCoolBook.Modelss\DigitalCoolBook.Models.csproj", "{BA4CCD82-5DB6-41FD-A83F-03F6634CE1E6}"
EndProject
Project("{2150E333-8FDC-42A3-9474-1A3956D46DE8}") = "Services", "Services", "{96900B88-5E49-48F3-82F0-BC336D67ABBB}"
EndProject
Project("{9A19103F-16F7-4668-BE54-9A1E7A4F7556}") = "DigitalCoolBook.Services", "DigitalCoolBook.Services\DigitalCoolBook.Services.csproj", "{457022DE-A7D7-42DD-8411-ED00075BEAEF}"
EndProject
Project("{9A19103F-16F7-4668-BE54-9A1E7A4F7556}") = "DigitalCoolBook.Services.Message", "DigitalCoolBook.Services.Message\DigitalCoolBook.Services.Message.csproj", "{6CAC54A4-1585-4270-B76C-128DE031D0BD}"
EndProject
Project("{9A19103F-16F7-4668-BE54-9A1E7A4F7556}") = "DigitalCoolBook.Data", "DigitalCoolBook.Data\DigitalCoolBook.Data.csproj", "{880CB3E6-B840-41BA-8AC7-FA4F58EA9B45}"
EndProject
Global
	GlobalSection(SolutionConfigurationPlatforms) = preSolution
		Debug|Any CPU = Debug|Any CPU
		Release|Any CPU = Release|Any CPU
	EndGlobalSection
	GlobalSection(ProjectConfigurationPlatforms) = postSolution
		{A6E65647-005D-4E5A-A0AB-B72B5EAE5122}.Debug|Any CPU.ActiveCfg = Debug|Any CPU
		{A6E65647-005D-4E5A-A0AB-B72B5EAE5122}.Debug|Any CPU.Build.0 = Debug|Any CPU
		{A6E65647-005D-4E5A-A0AB-B72B5EAE5122}.Release|Any CPU.ActiveCfg = Release|Any CPU
		{A6E65647-005D-4E5A-A0AB-B72B5EAE5122}.Release|Any CPU.Build.0 = Release|Any CPU
		{BA4CCD82-5DB6-41FD-A83F-03F6634CE1E6}.Debug|Any CPU.ActiveCfg = Debug|Any CPU
		{BA4CCD82-5DB6-41FD-A83F-03F6634CE1E6}.Debug|Any CPU.Build.0 = Debug|Any CPU
		{BA4CCD82-5DB6-41FD-A83F-03F6634CE1E6}.Release|Any CPU.ActiveCfg = Release|Any CPU
		{BA4CCD82-5DB6-41FD-A83F-03F6634CE1E6}.Release|Any CPU.Build.0 = Release|Any CPU
		{457022DE-A7D7-42DD-8411-ED00075BEAEF}.Debug|Any CPU.ActiveCfg = Debug|Any CPU
		{457022DE-A7D7-42DD-8411-ED00075BEAEF}.Debug|Any CPU.Build.0 = Debug|Any CPU
		{457022DE-A7D7-42DD-8411-ED00075BEAEF}.Release|Any CPU.ActiveCfg = Release|Any CPU
		{457022DE-A7D7-42DD-8411-ED00075BEAEF}.Release|Any CPU.Build.0 = Release|Any CPU
		{6CAC54A4-1585-4270-B76C-128DE031D0BD}.Debug|Any CPU.ActiveCfg = Debug|Any CPU
		{6CAC54A4-1585-4270-B76C-128DE031D0BD}.Debug|Any CPU.Build.0 = Debug|Any CPU
		{6CAC54A4-1585-4270-B76C-128DE031D0BD}.Release|Any CPU.ActiveCfg = Release|Any CPU
		{6CAC54A4-1585-4270-B76C-128DE031D0BD}.Release|Any CPU.Build.0 = Release|Any CPU
		{880CB3E6-B840-41BA-8AC7-FA4F58EA9B45}.Debug|Any CPU.ActiveCfg = Debug|Any CPU
		{880CB3E6-B840-41BA-8AC7-FA4F58EA9B45}.Debug|Any CPU.Build.0 = Debug|Any CPU
		{880CB3E6-B840-41BA-8AC7-FA4F58EA9B45}.Release|Any CPU.ActiveCfg = Release|Any CPU
		{880CB3E6-B840-41BA-8AC7-FA4F58EA9B45}.Release|Any CPU.Build.0 = Release|Any CPU
	EndGlobalSection
	GlobalSection(SolutionProperties) = preSolution
		HideSolutionNode = FALSE
	EndGlobalSection
	GlobalSection(NestedProjects) = preSolution
		{457022DE-A7D7-42DD-8411-ED00075BEAEF} = {96900B88-5E49-48F3-82F0-BC336D67ABBB}
		{6CAC54A4-1585-4270-B76C-128DE031D0BD} = {96900B88-5E49-48F3-82F0-BC336D67ABBB}
	EndGlobalSection
	GlobalSection(ExtensibilityGlobals) = postSolution
		SolutionGuid = {5121A2FC-C965-4587-BD43-25A03EAF37CD}
	EndGlobalSection
EndGlobal
