
Microsoft Visual Studio Solution File, Format Version 12.00
# Visual Studio Version 16
VisualStudioVersion = 16.0.29509.3
MinimumVisualStudioVersion = 10.0.40219.1
Project("{FAE04EC0-301F-11D3-BF4B-00C04F79EFBC}") = "Panda.App", "Panda.App\Panda.App.csproj", "{23FD62CC-3DC1-406C-AD61-DD2925DE585E}"
EndProject
Global
	GlobalSection(SolutionConfigurationPlatforms) = preSolution
		Debug|Any CPU = Debug|Any CPU
		Release|Any CPU = Release|Any CPU
	EndGlobalSection
	GlobalSection(ProjectConfigurationPlatforms) = postSolution
		{23FD62CC-3DC1-406C-AD61-DD2925DE585E}.Debug|Any CPU.ActiveCfg = Debug|Any CPU
		{23FD62CC-3DC1-406C-AD61-DD2925DE585E}.Debug|Any CPU.Build.0 = Debug|Any CPU
		{23FD62CC-3DC1-406C-AD61-DD2925DE585E}.Release|Any CPU.ActiveCfg = Release|Any CPU
		{23FD62CC-3DC1-406C-AD61-DD2925DE585E}.Release|Any CPU.Build.0 = Release|Any CPU
	EndGlobalSection
	GlobalSection(SolutionProperties) = preSolution
		HideSolutionNode = FALSE
	EndGlobalSection
	GlobalSection(ExtensibilityGlobals) = postSolution
		SolutionGuid = {1F168875-7D99-4EA8-AEC8-B994CF5BC804}
	EndGlobalSection
EndGlobal
