
Microsoft Visual Studio Solution File, Format Version 12.00
# Visual Studio Version 16
VisualStudioVersion = 16.0.29519.87
MinimumVisualStudioVersion = 10.0.40219.1
Project("{FAE04EC0-301F-11D3-BF4B-00C04F79EFBC}") = "Messages.App", "Messages.App\Messages.App.csproj", "{3EF7D350-A26B-4E1F-A8FC-0002A8302AF0}"
EndProject
Project("{FAE04EC0-301F-11D3-BF4B-00C04F79EFBC}") = "Messages.Data", "Messages.Data\Messages.Data.csproj", "{F60F0E8B-CFB7-41B6-ACDA-7E34D0BCB6FD}"
EndProject
Project("{FAE04EC0-301F-11D3-BF4B-00C04F79EFBC}") = "Messages.Models", "Messages.Models\Messages.Models.csproj", "{20826CC9-017B-4978-82EB-D033CC47CCC4}"
EndProject
Global
	GlobalSection(SolutionConfigurationPlatforms) = preSolution
		Debug|Any CPU = Debug|Any CPU
		Release|Any CPU = Release|Any CPU
	EndGlobalSection
	GlobalSection(ProjectConfigurationPlatforms) = postSolution
		{3EF7D350-A26B-4E1F-A8FC-0002A8302AF0}.Debug|Any CPU.ActiveCfg = Debug|Any CPU
		{3EF7D350-A26B-4E1F-A8FC-0002A8302AF0}.Debug|Any CPU.Build.0 = Debug|Any CPU
		{3EF7D350-A26B-4E1F-A8FC-0002A8302AF0}.Release|Any CPU.ActiveCfg = Release|Any CPU
		{3EF7D350-A26B-4E1F-A8FC-0002A8302AF0}.Release|Any CPU.Build.0 = Release|Any CPU
		{F60F0E8B-CFB7-41B6-ACDA-7E34D0BCB6FD}.Debug|Any CPU.ActiveCfg = Debug|Any CPU
		{F60F0E8B-CFB7-41B6-ACDA-7E34D0BCB6FD}.Debug|Any CPU.Build.0 = Debug|Any CPU
		{F60F0E8B-CFB7-41B6-ACDA-7E34D0BCB6FD}.Release|Any CPU.ActiveCfg = Release|Any CPU
		{F60F0E8B-CFB7-41B6-ACDA-7E34D0BCB6FD}.Release|Any CPU.Build.0 = Release|Any CPU
		{20826CC9-017B-4978-82EB-D033CC47CCC4}.Debug|Any CPU.ActiveCfg = Debug|Any CPU
		{20826CC9-017B-4978-82EB-D033CC47CCC4}.Debug|Any CPU.Build.0 = Debug|Any CPU
		{20826CC9-017B-4978-82EB-D033CC47CCC4}.Release|Any CPU.ActiveCfg = Release|Any CPU
		{20826CC9-017B-4978-82EB-D033CC47CCC4}.Release|Any CPU.Build.0 = Release|Any CPU
	EndGlobalSection
	GlobalSection(SolutionProperties) = preSolution
		HideSolutionNode = FALSE
	EndGlobalSection
	GlobalSection(ExtensibilityGlobals) = postSolution
		SolutionGuid = {9E38083E-5A13-4AC4-9CFC-30F2DA8AFCF3}
	EndGlobalSection
EndGlobal
