
Microsoft Visual Studio Solution File, Format Version 12.00
# Visual Studio Version 16
VisualStudioVersion = 16.0.29519.87
MinimumVisualStudioVersion = 10.0.40219.1
Project("{9A19103F-16F7-4668-BE54-9A1E7A4F7556}") = "Messages.App", "Messages.App\Messages.App.csproj", "{3EF7D350-A26B-4E1F-A8FC-0002A8302AF0}"
EndProject
Project("{9A19103F-16F7-4668-BE54-9A1E7A4F7556}") = "Messages.Data", "Messages.Data\Messages.Data.csproj", "{F60F0E8B-CFB7-41B6-ACDA-7E34D0BCB6FD}"
EndProject
Project("{9A19103F-16F7-4668-BE54-9A1E7A4F7556}") = "Messages.Models", "Messages.Models\Messages.Models.csproj", "{20826CC9-017B-4978-82EB-D033CC47CCC4}"
EndProject
Project("{2150E333-8FDC-42A3-9474-1A3956D46DE8}") = "front-end", "front-end", "{56FEDED4-9F0F-4D42-9DED-93C54BE7FD2A}"
	ProjectSection(SolutionItems) = preProject
		front-end\index.html = front-end\index.html
		front-end\messages.js = front-end\messages.js
	EndProjectSection
EndProject
Global
	GlobalSection(SolutionConfigurationPlatforms) = preSolution
		Debug|Any CPU = Debug|Any CPU
		Release|Any CPU = Release|Any CPU
	EndGlobalSection
	GlobalSection(ProjectConfigurationPlatforms) = postSolution
		{3EF7D350-A26B-4E1F-A8FC-0002A8302AF0}.Debug|Any CPU.ActiveCfg = Debug|Any CPU
		{3EF7D350-A26B-4E1F-A8FC-0002A8302AF0}.Debug|Any CPU.Build.0 = Debug|Any CPU
		{3EF7D350-A26B-4E1F-A8FC-0002A8302AF0}.Release|Any CPU.ActiveCfg = Release|Any CPU
		{3EF7D350-A26B-4E1F-A8FC-0002A8302AF0}.Release|Any CPU.Build.0 = Release|Any CPU
		{F60F0E8B-CFB7-41B6-ACDA-7E34D0BCB6FD}.Debug|Any CPU.ActiveCfg = Debug|Any CPU
		{F60F0E8B-CFB7-41B6-ACDA-7E34D0BCB6FD}.Debug|Any CPU.Build.0 = Debug|Any CPU
		{F60F0E8B-CFB7-41B6-ACDA-7E34D0BCB6FD}.Release|Any CPU.ActiveCfg = Release|Any CPU
		{F60F0E8B-CFB7-41B6-ACDA-7E34D0BCB6FD}.Release|Any CPU.Build.0 = Release|Any CPU
		{20826CC9-017B-4978-82EB-D033CC47CCC4}.Debug|Any CPU.ActiveCfg = Debug|Any CPU
		{20826CC9-017B-4978-82EB-D033CC47CCC4}.Debug|Any CPU.Build.0 = Debug|Any CPU
		{20826CC9-017B-4978-82EB-D033CC47CCC4}.Release|Any CPU.ActiveCfg = Release|Any CPU
		{20826CC9-017B-4978-82EB-D033CC47CCC4}.Release|Any CPU.Build.0 = Release|Any CPU
	EndGlobalSection
	GlobalSection(SolutionProperties) = preSolution
		HideSolutionNode = FALSE
	EndGlobalSection
	GlobalSection(ExtensibilityGlobals) = postSolution
		SolutionGuid = {9E38083E-5A13-4AC4-9CFC-30F2DA8AFCF3}
	EndGlobalSection
EndGlobal
