
Microsoft Visual Studio Solution File, Format Version 12.00
# Visual Studio Version 16
VisualStudioVersion = 16.0.30204.135
MinimumVisualStudioVersion = 10.0.40219.1
Project("{FAE04EC0-301F-11D3-BF4B-00C04F79EFBC}") = "RentCargoBus.Web", "RentCargoBus.Web\RentCargoBus.Web.csproj", "{AB08937A-5D7C-4FED-BA45-1C83A872B6AE}"
EndProject
Project("{2150E333-8FDC-42A3-9474-1A3956D46DE8}") = "Data", "Data", "{FCD34A2A-8F6F-40D7-BF2E-D75708AA6B5B}"
EndProject
Project("{2150E333-8FDC-42A3-9474-1A3956D46DE8}") = "Web", "Web", "{4EC81B86-B4AB-4A05-9CFD-0883B210F0EF}"
EndProject
Project("{2150E333-8FDC-42A3-9474-1A3956D46DE8}") = "Services", "Services", "{C53CFBDC-E384-4E12-A818-54A9FDF7ADB9}"
EndProject
Project("{FAE04EC0-301F-11D3-BF4B-00C04F79EFBC}") = "RentCargoBus.Web.Models", "RentCargoBus.Web.Models\RentCargoBus.Web.Models.csproj", "{B13F935D-DF3E-4AF4-8C5C-1E20A49513C3}"
EndProject
Project("{FAE04EC0-301F-11D3-BF4B-00C04F79EFBC}") = "RentCargoBus.Data", "RentCargoBus.Data\RentCargoBus.Data.csproj", "{79C4E812-3016-4326-9FC9-7B8FDC5A3F08}"
EndProject
Project("{FAE04EC0-301F-11D3-BF4B-00C04F79EFBC}") = "RentCargoBus.Data.Models", "RentCargoBus.Data.Models\RentCargoBus.Data.Models.csproj", "{A3C858AA-AECF-4E63-B823-CEBFA79A8CBB}"
EndProject
Project("{FAE04EC0-301F-11D3-BF4B-00C04F79EFBC}") = "RentCargoBus.Services", "RentCargoBus.Services\RentCargoBus.Services.csproj", "{82F7F859-4A72-4136-B177-82609F3F0811}"
EndProject
Global
	GlobalSection(SolutionConfigurationPlatforms) = preSolution
		Debug|Any CPU = Debug|Any CPU
		Release|Any CPU = Release|Any CPU
	EndGlobalSection
	GlobalSection(ProjectConfigurationPlatforms) = postSolution
		{AB08937A-5D7C-4FED-BA45-1C83A872B6AE}.Debug|Any CPU.ActiveCfg = Debug|Any CPU
		{AB08937A-5D7C-4FED-BA45-1C83A872B6AE}.Debug|Any CPU.Build.0 = Debug|Any CPU
		{AB08937A-5D7C-4FED-BA45-1C83A872B6AE}.Release|Any CPU.ActiveCfg = Release|Any CPU
		{AB08937A-5D7C-4FED-BA45-1C83A872B6AE}.Release|Any CPU.Build.0 = Release|Any CPU
		{B13F935D-DF3E-4AF4-8C5C-1E20A49513C3}.Debug|Any CPU.ActiveCfg = Debug|Any CPU
		{B13F935D-DF3E-4AF4-8C5C-1E20A49513C3}.Debug|Any CPU.Build.0 = Debug|Any CPU
		{B13F935D-DF3E-4AF4-8C5C-1E20A49513C3}.Release|Any CPU.ActiveCfg = Release|Any CPU
		{B13F935D-DF3E-4AF4-8C5C-1E20A49513C3}.Release|Any CPU.Build.0 = Release|Any CPU
		{79C4E812-3016-4326-9FC9-7B8FDC5A3F08}.Debug|Any CPU.ActiveCfg = Debug|Any CPU
		{79C4E812-3016-4326-9FC9-7B8FDC5A3F08}.Debug|Any CPU.Build.0 = Debug|Any CPU
		{79C4E812-3016-4326-9FC9-7B8FDC5A3F08}.Release|Any CPU.ActiveCfg = Release|Any CPU
		{79C4E812-3016-4326-9FC9-7B8FDC5A3F08}.Release|Any CPU.Build.0 = Release|Any CPU
		{A3C858AA-AECF-4E63-B823-CEBFA79A8CBB}.Debug|Any CPU.ActiveCfg = Debug|Any CPU
		{A3C858AA-AECF-4E63-B823-CEBFA79A8CBB}.Debug|Any CPU.Build.0 = Debug|Any CPU
		{A3C858AA-AECF-4E63-B823-CEBFA79A8CBB}.Release|Any CPU.ActiveCfg = Release|Any CPU
		{A3C858AA-AECF-4E63-B823-CEBFA79A8CBB}.Release|Any CPU.Build.0 = Release|Any CPU
		{82F7F859-4A72-4136-B177-82609F3F0811}.Debug|Any CPU.ActiveCfg = Debug|Any CPU
		{82F7F859-4A72-4136-B177-82609F3F0811}.Debug|Any CPU.Build.0 = Debug|Any CPU
		{82F7F859-4A72-4136-B177-82609F3F0811}.Release|Any CPU.ActiveCfg = Release|Any CPU
		{82F7F859-4A72-4136-B177-82609F3F0811}.Release|Any CPU.Build.0 = Release|Any CPU
	EndGlobalSection
	GlobalSection(SolutionProperties) = preSolution
		HideSolutionNode = FALSE
	EndGlobalSection
	GlobalSection(NestedProjects) = preSolution
		{AB08937A-5D7C-4FED-BA45-1C83A872B6AE} = {4EC81B86-B4AB-4A05-9CFD-0883B210F0EF}
		{B13F935D-DF3E-4AF4-8C5C-1E20A49513C3} = {4EC81B86-B4AB-4A05-9CFD-0883B210F0EF}
		{79C4E812-3016-4326-9FC9-7B8FDC5A3F08} = {FCD34A2A-8F6F-40D7-BF2E-D75708AA6B5B}
		{A3C858AA-AECF-4E63-B823-CEBFA79A8CBB} = {FCD34A2A-8F6F-40D7-BF2E-D75708AA6B5B}
		{82F7F859-4A72-4136-B177-82609F3F0811} = {C53CFBDC-E384-4E12-A818-54A9FDF7ADB9}
	EndGlobalSection
	GlobalSection(ExtensibilityGlobals) = postSolution
		SolutionGuid = {04778C54-CF36-43C5-B8F2-C473B9397683}
	EndGlobalSection
EndGlobal
