
Microsoft Visual Studio Solution File, Format Version 12.00
# Visual Studio Version 16
VisualStudioVersion = 16.0.30204.135
MinimumVisualStudioVersion = 10.0.40219.1
Project("{9A19103F-16F7-4668-BE54-9A1E7A4F7556}") = "RentAVan.Web", "RentCargoBus.Web\RentAVan.Web.csproj", "{AB08937A-5D7C-4FED-BA45-1C83A872B6AE}"
EndProject
Project("{2150E333-8FDC-42A3-9474-1A3956D46DE8}") = "Web", "Web", "{4EC81B86-B4AB-4A05-9CFD-0883B210F0EF}"
EndProject
Project("{9A19103F-16F7-4668-BE54-9A1E7A4F7556}") = "RentCargoBus.Data", "RentCargoBus.Data\RentCargoBus.Data.csproj", "{79C4E812-3016-4326-9FC9-7B8FDC5A3F08}"
EndProject
Project("{9A19103F-16F7-4668-BE54-9A1E7A4F7556}") = "RentCargoBus.Services", "RentCargoBus.Services\RentCargoBus.Services.csproj", "{82F7F859-4A72-4136-B177-82609F3F0811}"
EndProject
Project("{9A19103F-16F7-4668-BE54-9A1E7A4F7556}") = "DataBaseSeed", "DataBaseSeed\DataBaseSeed.csproj", "{56ACABB9-4C21-4282-867F-1AD4CA4FB06E}"
EndProject
Project("{9A19103F-16F7-4668-BE54-9A1E7A4F7556}") = "RentCargoBus.Data.Models", "RentCargoBus.Models\RentCargoBus.Data.Models.csproj", "{4DE8E2DD-894F-46E4-A273-C45E32DAAA70}"
EndProject
Global
	GlobalSection(SolutionConfigurationPlatforms) = preSolution
		Debug|Any CPU = Debug|Any CPU
		Release|Any CPU = Release|Any CPU
	EndGlobalSection
	GlobalSection(ProjectConfigurationPlatforms) = postSolution
		{AB08937A-5D7C-4FED-BA45-1C83A872B6AE}.Debug|Any CPU.ActiveCfg = Debug|Any CPU
		{AB08937A-5D7C-4FED-BA45-1C83A872B6AE}.Debug|Any CPU.Build.0 = Debug|Any CPU
		{AB08937A-5D7C-4FED-BA45-1C83A872B6AE}.Release|Any CPU.ActiveCfg = Release|Any CPU
		{AB08937A-5D7C-4FED-BA45-1C83A872B6AE}.Release|Any CPU.Build.0 = Release|Any CPU
		{79C4E812-3016-4326-9FC9-7B8FDC5A3F08}.Debug|Any CPU.ActiveCfg = Debug|Any CPU
		{79C4E812-3016-4326-9FC9-7B8FDC5A3F08}.Debug|Any CPU.Build.0 = Debug|Any CPU
		{79C4E812-3016-4326-9FC9-7B8FDC5A3F08}.Release|Any CPU.ActiveCfg = Release|Any CPU
		{79C4E812-3016-4326-9FC9-7B8FDC5A3F08}.Release|Any CPU.Build.0 = Release|Any CPU
		{82F7F859-4A72-4136-B177-82609F3F0811}.Debug|Any CPU.ActiveCfg = Debug|Any CPU
		{82F7F859-4A72-4136-B177-82609F3F0811}.Debug|Any CPU.Build.0 = Debug|Any CPU
		{82F7F859-4A72-4136-B177-82609F3F0811}.Release|Any CPU.ActiveCfg = Release|Any CPU
		{82F7F859-4A72-4136-B177-82609F3F0811}.Release|Any CPU.Build.0 = Release|Any CPU
		{56ACABB9-4C21-4282-867F-1AD4CA4FB06E}.Debug|Any CPU.ActiveCfg = Debug|Any CPU
		{56ACABB9-4C21-4282-867F-1AD4CA4FB06E}.Debug|Any CPU.Build.0 = Debug|Any CPU
		{56ACABB9-4C21-4282-867F-1AD4CA4FB06E}.Release|Any CPU.ActiveCfg = Release|Any CPU
		{56ACABB9-4C21-4282-867F-1AD4CA4FB06E}.Release|Any CPU.Build.0 = Release|Any CPU
		{4DE8E2DD-894F-46E4-A273-C45E32DAAA70}.Debug|Any CPU.ActiveCfg = Debug|Any CPU
		{4DE8E2DD-894F-46E4-A273-C45E32DAAA70}.Debug|Any CPU.Build.0 = Debug|Any CPU
		{4DE8E2DD-894F-46E4-A273-C45E32DAAA70}.Release|Any CPU.ActiveCfg = Release|Any CPU
		{4DE8E2DD-894F-46E4-A273-C45E32DAAA70}.Release|Any CPU.Build.0 = Release|Any CPU
	EndGlobalSection
	GlobalSection(SolutionProperties) = preSolution
		HideSolutionNode = FALSE
	EndGlobalSection
	GlobalSection(NestedProjects) = preSolution
		{AB08937A-5D7C-4FED-BA45-1C83A872B6AE} = {4EC81B86-B4AB-4A05-9CFD-0883B210F0EF}
		{79C4E812-3016-4326-9FC9-7B8FDC5A3F08} = {4EC81B86-B4AB-4A05-9CFD-0883B210F0EF}
		{82F7F859-4A72-4136-B177-82609F3F0811} = {4EC81B86-B4AB-4A05-9CFD-0883B210F0EF}
		{56ACABB9-4C21-4282-867F-1AD4CA4FB06E} = {4EC81B86-B4AB-4A05-9CFD-0883B210F0EF}
		{4DE8E2DD-894F-46E4-A273-C45E32DAAA70} = {4EC81B86-B4AB-4A05-9CFD-0883B210F0EF}
	EndGlobalSection
	GlobalSection(ExtensibilityGlobals) = postSolution
		SolutionGuid = {04778C54-CF36-43C5-B8F2-C473B9397683}
	EndGlobalSection
EndGlobal
